hash: 4c46f71e4e2bb7279c38f0b51a1c7e5c337a3ea546ec6980883df5df65010bc4
updated: 2019-06-06T01:44:54.207646192Z
imports:
- name: cloud.google.com/go
  version: c8433c9aaceb2a28b9872cf46a23fa804996388c
  subpackages:
  - compute/metadata
  - iam
  - internal
  - internal/optional
  - internal/trace
  - internal/version
  - storage
- name: github.com/agext/levenshtein
  version: 0ded9c86537917af2ff89bc9c78de6bd58477894
- name: github.com/apparentlymart/go-cidr
  version: 1755c023625ec3a84979b90841a1ab067ed6c071
  subpackages:
  - cidr
- name: github.com/apparentlymart/go-textseg
  version: fb01f485ebef760e5ee06d55e1b07534dda2d295
  subpackages:
  - textseg
- name: github.com/armon/go-radix
  version: 1a2de0c21c94309923825da3df33a4381872c795
- name: github.com/aws/aws-sdk-go
  version: 13e896780680ce557f16a75a84c67e04e9aa420f
  subpackages:
  - aws
  - aws/awserr
  - aws/awsutil
  - aws/client
  - aws/client/metadata
  - aws/corehandlers
  - aws/credentials
  - aws/credentials/ec2rolecreds
  - aws/credentials/endpointcreds
  - aws/credentials/processcreds
  - aws/credentials/stscreds
  - aws/csm
  - aws/defaults
  - aws/ec2metadata
  - aws/endpoints
  - aws/request
  - aws/session
  - aws/signer/v4
  - internal/ini
  - internal/s3err
  - internal/sdkio
  - internal/sdkrand
  - internal/sdkuri
  - internal/shareddefaults
  - private/protocol
  - private/protocol/eventstream
  - private/protocol/eventstream/eventstreamapi
  - private/protocol/json/jsonutil
  - private/protocol/query
  - private/protocol/query/queryutil
  - private/protocol/rest
  - private/protocol/restxml
  - private/protocol/xml/xmlutil
  - service/s3
  - service/sts
- name: github.com/bgentry/go-netrc
  version: 9fd32a8b3d3d3f9d43c341bfe098430e07609480
  subpackages:
  - netrc
- name: github.com/bgentry/speakeasy
  version: 4aabc24848ce5fd31929f7d1e4ea74d3709c14cd
- name: github.com/blang/semver
  version: 1a9109f8c4a1d669a78442f567dfe8eedf982793
- name: github.com/davecgh/go-spew
  version: d8f796af33cc11cb798c1aaeb27a4ebc5099927d
  subpackages:
  - spew
- name: github.com/fatih/color
  version: 3f9d52f7176a6927daacff70a3e8d1dc2025c53e
- name: github.com/fatih/structs
  version: 878a968ab22548362a09bdb3322f98b00f470d46
- name: github.com/golang/protobuf
  version: b285ee9cfc6c881bb20c0d8dc73370ea9b9ec90f
  subpackages:
  - proto
  - protoc-gen-go/descriptor
  - ptypes
  - ptypes/any
  - ptypes/duration
  - ptypes/timestamp
- name: github.com/google/go-cmp
  version: 917e382dab80060fd1f094402bfbb5137ec3c4ff
  subpackages:
  - cmp
  - cmp/internal/diff
  - cmp/internal/flags
  - cmp/internal/function
  - cmp/internal/value
- name: github.com/googleapis/gax-go
  version: bd5b16380fd03dc758d11cef74ba2e3bc8b0e8c2
  subpackages:
  - v2
- name: github.com/hashicorp/errwrap
  version: 8a6fb523712970c966eefc6b39ed2c5e74880354
- name: github.com/hashicorp/go-cleanhttp
  version: d3fcbee8e1810ecee4bdbf415f42f84cfd0e3361
- name: github.com/hashicorp/go-getter
  version: f9ec369200fd2163b8f452e5e45696d83ae3f4b6
  subpackages:
  - helper/url
- name: github.com/hashicorp/go-hclog
  version: f1d61ad5398ffe4f2eb61eacb088340d44e99672
- name: github.com/hashicorp/go-multierror
  version: 886a7fbe3eb1c874d46f623bfa70af45f425b3d1
- name: github.com/hashicorp/go-plugin
  version: a1756f37cec6471f10accdf15a5e5961317bea0d
  subpackages:
  - internal/plugin
- name: github.com/hashicorp/go-safetemp
  version: c9a55de4fe06c920a71964b53cfe3dd293a3c743
- name: github.com/hashicorp/go-uuid
  version: 4f571afc59f3043a65f8fe6bf46d887b10a01d43
- name: github.com/hashicorp/go-version
  version: 192140e6f3e645d971b134d4e35b5191adb9dfd3
- name: github.com/hashicorp/golang-lru
  version: 59383c442f7d7b190497e9bb8fc17a48d06cd03f
  subpackages:
  - simplelru
- name: github.com/hashicorp/hcl
  version: 99e2f22d1c94b272184d97dd9d252866409100ab
  subpackages:
  - hcl/ast
  - hcl/parser
  - hcl/scanner
  - hcl/strconv
  - hcl/token
  - json/parser
  - json/scanner
  - json/token
- name: github.com/hashicorp/hcl2
  version: 4b22149b7cef7272799ac85dca150e553d667971
  subpackages:
  - ext/dynblock
  - ext/typeexpr
  - gohcl
  - hcl
  - hcl/hclsyntax
  - hcl/json
  - hcldec
  - hcled
  - hclparse
  - hclwrite
- name: github.com/hashicorp/hil
  version: 97b3a9cdfa9349086cfad7ea2fe3165bfe3cbf63
  subpackages:
  - ast
  - parser
  - scanner
- name: github.com/hashicorp/logutils
  version: a335183dfd075f638afcc820c90591ca3c97eba6
- name: github.com/hashicorp/terraform
  version: e71e3d85a931fa1c53cf1c1bcc50195d9732ff7a
  subpackages:
  - addrs
  - command/format
  - config
  - config/hcl2shim
  - config/module
  - configs
  - configs/configload
  - configs/configschema
  - dag
  - flatmap
  - helper/config
  - helper/didyoumean
  - helper/hashcode
  - helper/hilmapstructure
  - helper/logging
  - helper/mutexkv
  - helper/plugin
  - helper/resource
  - helper/schema
  - httpclient
  - internal/earlyconfig
  - internal/initwd
  - internal/modsdir
  - internal/tfplugin5
  - lang
  - lang/blocktoattr
  - lang/funcs
  - moduledeps
  - plans
  - plans/objchange
  - plugin
  - plugin/convert
  - plugin/discovery
  - providers
  - provisioners
  - registry
  - registry/regsrc
  - registry/response
  - states
  - states/statefile
  - svchost
  - svchost/auth
  - svchost/disco
  - terraform
  - tfdiags
  - version
- name: github.com/hashicorp/terraform-config-inspect
  version: e2ee25ba1e5e57c8d6481aa83e1ca7ebd3bf3742
  subpackages:
  - tfconfig
- name: github.com/hashicorp/yamux
  version: 2f1d1f20f75d5404f53b9edf6b53ed5505508675
- name: github.com/JamesClonk/vultr
  version: 882c666acc57cfc9fb3ccd8132655609092eb4af
  subpackages:
  - lib
- name: github.com/jmespath/go-jmespath
  version: c2b33e8439af944379acbdd9c3a5fe0bc44bd8a5
- name: github.com/juju/ratelimit
  version: 77ed1c8a01217656d2080ad51981f6e99adaa177
- name: github.com/mattn/go-colorable
  version: 8029fb3788e5a4a9c00e415f586a6d033f5d38b3
- name: github.com/mattn/go-isatty
  version: 1311e847b0cb909da63b5fecfb5370aa66236465
- name: github.com/mitchellh/cli
  version: 3d22a244be8aa6fb16ac24af0e195c08b7d973aa
- name: github.com/mitchellh/colorstring
  version: d06e56a500db4d08c33db0b79461e7c9beafca2d
- name: github.com/mitchellh/copystructure
  version: 9a1b6f44e8da0e0e374624fb0a825a231b00c537
- name: github.com/mitchellh/go-homedir
  version: af06845cf3004701891bf4fdb884bfe4920b3727
- name: github.com/mitchellh/go-testing-interface
  version: 6d0b8010fcc857872e42fc6c931227569016843c
- name: github.com/mitchellh/go-wordwrap
  version: 9e67c67572bc5dd02aef930e2b0ae3c02a4b5a5c
- name: github.com/mitchellh/hashstructure
  version: a38c50148365edc8df43c1580c48fb2b3a1e9cd7
- name: github.com/mitchellh/mapstructure
  version: 3536a929edddb9a5b34bd6861dc4a9647cb459fe
- name: github.com/mitchellh/reflectwalk
  version: 3e2c75dfad4fbf904b58782a80fd595c760ad185
- name: github.com/oklog/run
  version: 6934b124db28979da51d3470dadfa34d73d72652
- name: github.com/posener/complete
  version: e1dacfd844689f61861874e851232cbea55bd2d0
  subpackages:
  - cmd
  - cmd/install
  - match
- name: github.com/spf13/afero
  version: 588a75ec4f32903aa5e39a2619ba6a4631e28424
  subpackages:
  - mem
- name: github.com/ulikunitz/xz
  version: 6f934d456d51e742b4eeab20d925a827ef22320a
  subpackages:
  - internal/hash
  - internal/xlog
  - lzma
- name: github.com/vmihailenco/msgpack
  version: 28f5bd403628d3e7d2c10865549fa70e17345be6
  subpackages:
  - codes
- name: github.com/zclconf/go-cty
  version: 4fecf87372ec204b46eb9e8ff264cdc3cafdccfe
  subpackages:
  - cty
  - cty/convert
  - cty/function
  - cty/function/stdlib
  - cty/gocty
  - cty/json
  - cty/msgpack
  - cty/set
- name: github.com/zclconf/go-cty-yaml
  version: e82830b0868d20488fcdc580da2f1e8e36d43efa
- name: go.opencensus.io
  version: a092815c29e3a8fb79dfa966ad048ed20f1f8c01
  subpackages:
  - internal
  - internal/tagencoding
  - metric/metricdata
  - metric/metricproducer
  - plugin/ochttp
  - plugin/ochttp/propagation/b3
  - resource
  - stats
  - stats/internal
  - stats/view
  - tag
  - trace
  - trace/internal
  - trace/propagation
  - trace/tracestate
- name: golang.org/x/crypto
  version: 1f22c0103821b9390939b6776727195525381532
  subpackages:
  - bcrypt
  - blowfish
  - cast5
  - curve25519
  - openpgp
  - openpgp/armor
  - openpgp/elgamal
  - openpgp/errors
  - openpgp/packet
  - openpgp/s2k
  - ssh
  - ssh/agent
  - ssh/terminal
- name: golang.org/x/net
  version: 60506f45cf65977eb3a9c6e30f995f54a721c271
  subpackages:
  - context
  - context/ctxhttp
  - http/httpguts
  - http2
  - http2/hpack
  - idna
  - internal/timeseries
  - trace
- name: golang.org/x/oauth2
  version: 0f29369cfe4552d0e4bcddc57cc75f4d7e672a33
  subpackages:
  - google
  - internal
  - jws
  - jwt
- name: golang.org/x/sys
  version: 4c4f7f33c9ed00de01c4c741d2177abfcfe19307
  subpackages:
  - unix
- name: golang.org/x/text
  version: 342b2e1fbaa52c93f31447ad2c6abc048c63e475
  subpackages:
  - secure/bidirule
  - transform
  - unicode/bidi
  - unicode/norm
- name: google.golang.org/api
  version: 321c6e0df652a9dee5b1c96f5d80264bd9e9e1b6
  subpackages:
  - gensupport
  - googleapi
  - googleapi/internal/uritemplates
  - googleapi/transport
  - internal
  - iterator
  - option
  - storage/v1
  - transport/http
  - transport/http/internal/propagation
- name: google.golang.org/appengine
  version: de285f9b71d302e953472c27f2152dfe8fac5195
  subpackages:
  - datastore
  - datastore/internal/cloudkey
  - datastore/internal/cloudpb
  - internal
  - internal/app_identity
  - internal/base
  - internal/datastore
  - internal/log
  - internal/modules
  - internal/remote_api
  - internal/urlfetch
  - urlfetch
- name: google.golang.org/genproto
  version: eb0b1bdb6ae60fcfc41b8d907b50dfb346112301
  subpackages:
  - googleapis/api/annotations
  - googleapis/iam/v1
  - googleapis/rpc/code
  - googleapis/rpc/status
  - googleapis/type/expr
- name: google.golang.org/grpc
  version: d33cecdaddaa914130410059cdcca8b3b0176985
  subpackages:
  - balancer
  - balancer/base
  - balancer/roundrobin
  - binarylog/grpc_binarylog_v1
  - codes
  - connectivity
  - credentials
  - credentials/internal
  - encoding
  - encoding/proto
  - grpclog
  - health
  - health/grpc_health_v1
  - internal
  - internal/backoff
  - internal/balancerload
  - internal/binarylog
  - internal/channelz
  - internal/envconfig
  - internal/grpcrand
  - internal/grpcsync
  - internal/syscall
  - internal/transport
  - keepalive
  - metadata
  - naming
  - peer
  - resolver
  - resolver/dns
  - resolver/passthrough
  - serviceconfig
  - stats
  - status
  - tap
  - test/bufconn
testImports: []
